
Microsoft Visual Studio Solution File, Format Version 12.00
# Visual Studio 15
VisualStudioVersion = 15.0.28307.489
MinimumVisualStudioVersion = 10.0.40219.1
Project("{FAE04EC0-301F-11D3-BF4B-00C04F79EFBC}") = "ClinicaDental2021", "ClinicaDental2021\ClinicaDental2021.csproj", "{0FF1E8C4-AD76-4C52-B468-8FFB7DE3C3C6}"
EndProject
Global
	GlobalSection(SolutionConfigurationPlatforms) = preSolution
		Debug|Any CPU = Debug|Any CPU
		Release|Any CPU = Release|Any CPU
	EndGlobalSection
	GlobalSection(ProjectConfigurationPlatforms) = postSolution
		{0FF1E8C4-AD76-4C52-B468-8FFB7DE3C3C6}.Debug|Any CPU.ActiveCfg = Debug|Any CPU
		{0FF1E8C4-AD76-4C52-B468-8FFB7DE3C3C6}.Debug|Any CPU.Build.0 = Debug|Any CPU
		{0FF1E8C4-AD76-4C52-B468-8FFB7DE3C3C6}.Release|Any CPU.ActiveCfg = Release|Any CPU
		{0FF1E8C4-AD76-4C52-B468-8FFB7DE3C3C6}.Release|Any CPU.Build.0 = Release|Any CPU
	EndGlobalSection
	GlobalSection(SolutionProperties) = preSolution
		HideSolutionNode = FALSE
	EndGlobalSection
	GlobalSection(ExtensibilityGlobals) = postSolution
		SolutionGuid = {B15DD0B3-7226-480C-8240-87C879F85AE3}
	EndGlobalSection
EndGlobal
